
Microsoft Visual Studio Solution File, Format Version 12.00
# Visual Studio Version 17
VisualStudioVersion = 17.9.34723.18
MinimumVisualStudioVersion = 10.0.40219.1
Project("{9A19103F-16F7-4668-BE54-9A1E7A4F7556}") = "MpSo.API", "src\MpSo.API\MpSo.API.csproj", "{6AD1BBB7-4F56-4403-A4F7-985619597B8D}"
EndProject
Project("{2150E333-8FDC-42A3-9474-1A3956D46DE8}") = "src", "src", "{C2FC2C16-55AC-45AF-AD4A-7515B7CC48CD}"
EndProject
Project("{9A19103F-16F7-4668-BE54-9A1E7A4F7556}") = "MpSo", "src\MpSo\MpSo.csproj", "{2CB7CE5B-65E0-4532-BC4E-3F672C46CF21}"
EndProject
Global
	GlobalSection(SolutionConfigurationPlatforms) = preSolution
		Debug|Any CPU = Debug|Any CPU
		Release|Any CPU = Release|Any CPU
	EndGlobalSection
	GlobalSection(ProjectConfigurationPlatforms) = postSolution
		{6AD1BBB7-4F56-4403-A4F7-985619597B8D}.Debug|Any CPU.ActiveCfg = Debug|Any CPU
		{6AD1BBB7-4F56-4403-A4F7-985619597B8D}.Debug|Any CPU.Build.0 = Debug|Any CPU
		{6AD1BBB7-4F56-4403-A4F7-985619597B8D}.Release|Any CPU.ActiveCfg = Release|Any CPU
		{6AD1BBB7-4F56-4403-A4F7-985619597B8D}.Release|Any CPU.Build.0 = Release|Any CPU
		{2CB7CE5B-65E0-4532-BC4E-3F672C46CF21}.Debug|Any CPU.ActiveCfg = Debug|Any CPU
		{2CB7CE5B-65E0-4532-BC4E-3F672C46CF21}.Debug|Any CPU.Build.0 = Debug|Any CPU
		{2CB7CE5B-65E0-4532-BC4E-3F672C46CF21}.Release|Any CPU.ActiveCfg = Release|Any CPU
		{2CB7CE5B-65E0-4532-BC4E-3F672C46CF21}.Release|Any CPU.Build.0 = Release|Any CPU
	EndGlobalSection
	GlobalSection(SolutionProperties) = preSolution
		HideSolutionNode = FALSE
	EndGlobalSection
	GlobalSection(NestedProjects) = preSolution
		{6AD1BBB7-4F56-4403-A4F7-985619597B8D} = {C2FC2C16-55AC-45AF-AD4A-7515B7CC48CD}
		{2CB7CE5B-65E0-4532-BC4E-3F672C46CF21} = {C2FC2C16-55AC-45AF-AD4A-7515B7CC48CD}
	EndGlobalSection
	GlobalSection(ExtensibilityGlobals) = postSolution
		SolutionGuid = {A70E6A7D-E052-40A2-B895-39954E4E7017}
	EndGlobalSection
EndGlobal
